// !$*UTF8*$!
{
	archiveVersion = 1;
	classes = {
	};
	objectVersion = 46;
	objects = {

/* Begin PBXBuildFile section */
		347FD38573B8B66AB55D6B35 /* Pods_SWPost.framework in Frameworks */ = {isa = PBXBuildFile; fileRef = 3DCF147EE7713E83093D5410 /* Pods_SWPost.framework */; };
		F81E2BF81D06D37A00D117D2 /* MineCellItem.swift in Sources */ = {isa = PBXBuildFile; fileRef = F81E2BF71D06D37A00D117D2 /* MineCellItem.swift */; };
		F81E2BFB1D06E70900D117D2 /* MineLoginCell.swift in Sources */ = {isa = PBXBuildFile; fileRef = F81E2BFA1D06E70900D117D2 /* MineLoginCell.swift */; };
		F81E2BFE1D07B5E200D117D2 /* UserInfo.swift in Sources */ = {isa = PBXBuildFile; fileRef = F81E2BFD1D07B5E200D117D2 /* UserInfo.swift */; };
		F81E2C021D07B71B00D117D2 /* UserCenter.swift in Sources */ = {isa = PBXBuildFile; fileRef = F81E2C011D07B71B00D117D2 /* UserCenter.swift */; };
		F835E28E1D0283550055B84D /* MineSqureIcon.swift in Sources */ = {isa = PBXBuildFile; fileRef = F835E28D1D0283550055B84D /* MineSqureIcon.swift */; };
		F835E2941D02868B0055B84D /* NSDictionary+object.swift in Sources */ = {isa = PBXBuildFile; fileRef = F835E2931D02868B0055B84D /* NSDictionary+object.swift */; };
		F835E2B71D02BFE50055B84D /* MineDataSource.swift in Sources */ = {isa = PBXBuildFile; fileRef = F835E2B61D02BFE50055B84D /* MineDataSource.swift */; };
		F835E2BA1D02C0780055B84D /* MineBaseCell.swift in Sources */ = {isa = PBXBuildFile; fileRef = F835E2B91D02C0780055B84D /* MineBaseCell.swift */; };
		F838A2491D16DFEE00C3A4FF /* PostCell.swift in Sources */ = {isa = PBXBuildFile; fileRef = F838A2481D16DFEE00C3A4FF /* PostCell.swift */; };
		F838A24C1D16E29600C3A4FF /* PostTitleView.swift in Sources */ = {isa = PBXBuildFile; fileRef = F838A24B1D16E29600C3A4FF /* PostTitleView.swift */; };
		F838A24E1D16EDB100C3A4FF /* PostUserInfoTitleView.swift in Sources */ = {isa = PBXBuildFile; fileRef = F838A24D1D16EDB100C3A4FF /* PostUserInfoTitleView.swift */; };
		F838A2521D180CBA00C3A4FF /* BaseModel.swift in Sources */ = {isa = PBXBuildFile; fileRef = F838A2511D180CBA00C3A4FF /* BaseModel.swift */; };
		F838A2781D191A9F00C3A4FF /* Model+Db.swift in Sources */ = {isa = PBXBuildFile; fileRef = F838A2771D191A9F00C3A4FF /* Model+Db.swift */; };
		F838A27B1D19225C00C3A4FF /* DBManager.swift in Sources */ = {isa = PBXBuildFile; fileRef = F838A27A1D19225C00C3A4FF /* DBManager.swift */; };
		F838A27D1D1926C100C3A4FF /* DBTable.swift in Sources */ = {isa = PBXBuildFile; fileRef = F838A27C1D1926C100C3A4FF /* DBTable.swift */; };
		F8795F381CD487370099CFB6 /* AppDelegate.swift in Sources */ = {isa = PBXBuildFile; fileRef = F8795F371CD487370099CFB6 /* AppDelegate.swift */; };
		F8795F3A1CD487370099CFB6 /* ViewController.swift in Sources */ = {isa = PBXBuildFile; fileRef = F8795F391CD487370099CFB6 /* ViewController.swift */; };
		F8795F3D1CD487370099CFB6 /* Main.storyboard in Resources */ = {isa = PBXBuildFile; fileRef = F8795F3B1CD487370099CFB6 /* Main.storyboard */; };
		F8795F3F1CD487370099CFB6 /* Assets.xcassets in Resources */ = {isa = PBXBuildFile; fileRef = F8795F3E1CD487370099CFB6 /* Assets.xcassets */; };
		F8795F421CD487370099CFB6 /* LaunchScreen.storyboard in Resources */ = {isa = PBXBuildFile; fileRef = F8795F401CD487370099CFB6 /* LaunchScreen.storyboard */; };
		F8795F4E1CD48A5B0099CFB6 /* MineViewController.swift in Sources */ = {isa = PBXBuildFile; fileRef = F8795F4D1CD48A5B0099CFB6 /* MineViewController.swift */; };
		F8795F511CD48DF70099CFB6 /* BaseViewController.swift in Sources */ = {isa = PBXBuildFile; fileRef = F8795F501CD48DF70099CFB6 /* BaseViewController.swift */; };
		F8A07A6E1CDF5CE7004FC031 /* MineSquareDataSource.swift in Sources */ = {isa = PBXBuildFile; fileRef = F8A07A6D1CDF5CE7004FC031 /* MineSquareDataSource.swift */; };
		F8DDBE491D10F33400F62C19 /* MineSquareCell.swift in Sources */ = {isa = PBXBuildFile; fileRef = F8DDBE481D10F33400F62C19 /* MineSquareCell.swift */; };
		F8DDBE571D11397900F62C19 /* UIColorExtension.swift in Sources */ = {isa = PBXBuildFile; fileRef = F8DDBE561D11397900F62C19 /* UIColorExtension.swift */; };
		F8DDBE5E1D11589500F62C19 /* MineSquareIconCell.swift in Sources */ = {isa = PBXBuildFile; fileRef = F8DDBE5D1D11589500F62C19 /* MineSquareIconCell.swift */; };
		F8DDBE611D123C4E00F62C19 /* PostListViewController.swift in Sources */ = {isa = PBXBuildFile; fileRef = F8DDBE601D123C4E00F62C19 /* PostListViewController.swift */; };
		F8DDBE641D123C9100F62C19 /* PostListDataSource.swift in Sources */ = {isa = PBXBuildFile; fileRef = F8DDBE631D123C9100F62C19 /* PostListDataSource.swift */; };
		F8DDBE661D123CC300F62C19 /* PostListProtocal.swift in Sources */ = {isa = PBXBuildFile; fileRef = F8DDBE651D123CC300F62C19 /* PostListProtocal.swift */; };
		F8DDBE6A1D12463700F62C19 /* Post.swift in Sources */ = {isa = PBXBuildFile; fileRef = F8DDBE691D12463700F62C19 /* Post.swift */; };
		F8DDBE771D12CC8500F62C19 /* EssencePostListViewController.swift in Sources */ = {isa = PBXBuildFile; fileRef = F8DDBE761D12CC8500F62C19 /* EssencePostListViewController.swift */; };
		F8E5BCC01CD74EFB00D52562 /* BaseProtocol.swift in Sources */ = {isa = PBXBuildFile; fileRef = F8E5BCBF1CD74EFB00D52562 /* BaseProtocol.swift */; };
		F8E5BCC21CD74F0F00D52562 /* BaseDataSource.swift in Sources */ = {isa = PBXBuildFile; fileRef = F8E5BCC11CD74F0F00D52562 /* BaseDataSource.swift */; };
		F8E5BCCA1CD7615100D52562 /* CommonDef.swift in Sources */ = {isa = PBXBuildFile; fileRef = F8E5BCC91CD7615100D52562 /* CommonDef.swift */; };
/* End PBXBuildFile section */

/* Begin PBXFileReference section */
		1DE19E9CE3C1A8FF631FE8E2 /* Pods-SWPost.debug.xcconfig */ = {isa = PBXFileReference; includeInIndex = 1; lastKnownFileType = text.xcconfig; name = "Pods-SWPost.debug.xcconfig"; path = "Pods/Target Support Files/Pods-SWPost/Pods-SWPost.debug.xcconfig"; sourceTree = "<group>"; };
		3DCF147EE7713E83093D5410 /* Pods_SWPost.framework */ = {isa = PBXFileReference; explicitFileType = wrapper.framework; includeInIndex = 0; path = Pods_SWPost.framework; sourceTree = BUILT_PRODUCTS_DIR; };
		82FD0222696D18E3A84BF7C7 /* Pods-SWPost.release.xcconfig */ = {isa = PBXFileReference; includeInIndex = 1; lastKnownFileType = text.xcconfig; name = "Pods-SWPost.release.xcconfig"; path = "Pods/Target Support Files/Pods-SWPost/Pods-SWPost.release.xcconfig"; sourceTree = "<group>"; };
		F81E2BF71D06D37A00D117D2 /* MineCellItem.swift */ = {isa = PBXFileReference; fileEncoding = 4; lastKnownFileType = sourcecode.swift; path = MineCellItem.swift; sourceTree = "<group>"; };
		F81E2BFA1D06E70900D117D2 /* MineLoginCell.swift */ = {isa = PBXFileReference; fileEncoding = 4; lastKnownFileType = sourcecode.swift; path = MineLoginCell.swift; sourceTree = "<group>"; };
		F81E2BFD1D07B5E200D117D2 /* UserInfo.swift */ = {isa = PBXFileReference; fileEncoding = 4; lastKnownFileType = sourcecode.swift; path = UserInfo.swift; sourceTree = "<group>"; };
		F81E2C011D07B71B00D117D2 /* UserCenter.swift */ = {isa = PBXFileReference; fileEncoding = 4; lastKnownFileType = sourcecode.swift; path = UserCenter.swift; sourceTree = "<group>"; };
		F835E28D1D0283550055B84D /* MineSqureIcon.swift */ = {isa = PBXFileReference; fileEncoding = 4; lastKnownFileType = sourcecode.swift; path = MineSqureIcon.swift; sourceTree = "<group>"; };
		F835E2931D02868B0055B84D /* NSDictionary+object.swift */ = {isa = PBXFileReference; fileEncoding = 4; lastKnownFileType = sourcecode.swift; path = "NSDictionary+object.swift"; sourceTree = "<group>"; };
		F835E2B61D02BFE50055B84D /* MineDataSource.swift */ = {isa = PBXFileReference; fileEncoding = 4; lastKnownFileType = sourcecode.swift; path = MineDataSource.swift; sourceTree = "<group>"; };
		F835E2B91D02C0780055B84D /* MineBaseCell.swift */ = {isa = PBXFileReference; fileEncoding = 4; lastKnownFileType = sourcecode.swift; path = MineBaseCell.swift; sourceTree = "<group>"; };
		F838A2481D16DFEE00C3A4FF /* PostCell.swift */ = {isa = PBXFileReference; fileEncoding = 4; lastKnownFileType = sourcecode.swift; path = PostCell.swift; sourceTree = "<group>"; };
		F838A24B1D16E29600C3A4FF /* PostTitleView.swift */ = {isa = PBXFileReference; fileEncoding = 4; lastKnownFileType = sourcecode.swift; path = PostTitleView.swift; sourceTree = "<group>"; };
		F838A24D1D16EDB100C3A4FF /* PostUserInfoTitleView.swift */ = {isa = PBXFileReference; fileEncoding = 4; lastKnownFileType = sourcecode.swift; path = PostUserInfoTitleView.swift; sourceTree = "<group>"; };
		F838A2511D180CBA00C3A4FF /* BaseModel.swift */ = {isa = PBXFileReference; fileEncoding = 4; lastKnownFileType = sourcecode.swift; path = BaseModel.swift; sourceTree = "<group>"; };
		F838A2771D191A9F00C3A4FF /* Model+Db.swift */ = {isa = PBXFileReference; fileEncoding = 4; lastKnownFileType = sourcecode.swift; path = "Model+Db.swift"; sourceTree = "<group>"; };
		F838A27A1D19225C00C3A4FF /* DBManager.swift */ = {isa = PBXFileReference; fileEncoding = 4; lastKnownFileType = sourcecode.swift; path = DBManager.swift; sourceTree = "<group>"; };
		F838A27C1D1926C100C3A4FF /* DBTable.swift */ = {isa = PBXFileReference; fileEncoding = 4; lastKnownFileType = sourcecode.swift; path = DBTable.swift; sourceTree = "<group>"; };
		F8795F341CD487370099CFB6 /* SWPost.app */ = {isa = PBXFileReference; explicitFileType = wrapper.application; includeInIndex = 0; path = SWPost.app; sourceTree = BUILT_PRODUCTS_DIR; };
		F8795F371CD487370099CFB6 /* AppDelegate.swift */ = {isa = PBXFileReference; lastKnownFileType = sourcecode.swift; path = AppDelegate.swift; sourceTree = "<group>"; };
		F8795F391CD487370099CFB6 /* ViewController.swift */ = {isa = PBXFileReference; lastKnownFileType = sourcecode.swift; path = ViewController.swift; sourceTree = "<group>"; };
		F8795F3C1CD487370099CFB6 /* Base */ = {isa = PBXFileReference; lastKnownFileType = file.storyboard; name = Base; path = Base.lproj/Main.storyboard; sourceTree = "<group>"; };
		F8795F3E1CD487370099CFB6 /* Assets.xcassets */ = {isa = PBXFileReference; lastKnownFileType = folder.assetcatalog; path = Assets.xcassets; sourceTree = "<group>"; };
		F8795F411CD487370099CFB6 /* Base */ = {isa = PBXFileReference; lastKnownFileType = file.storyboard; name = Base; path = Base.lproj/LaunchScreen.storyboard; sourceTree = "<group>"; };
		F8795F431CD487370099CFB6 /* Info.plist */ = {isa = PBXFileReference; lastKnownFileType = text.plist.xml; path = Info.plist; sourceTree = "<group>"; };
		F8795F4D1CD48A5B0099CFB6 /* MineViewController.swift */ = {isa = PBXFileReference; fileEncoding = 4; lastKnownFileType = sourcecode.swift; path = MineViewController.swift; sourceTree = "<group>"; };
		F8795F501CD48DF70099CFB6 /* BaseViewController.swift */ = {isa = PBXFileReference; fileEncoding = 4; lastKnownFileType = sourcecode.swift; path = BaseViewController.swift; sourceTree = "<group>"; };
		F8A07A6D1CDF5CE7004FC031 /* MineSquareDataSource.swift */ = {isa = PBXFileReference; fileEncoding = 4; lastKnownFileType = sourcecode.swift; path = MineSquareDataSource.swift; sourceTree = "<group>"; };
		F8DDBE481D10F33400F62C19 /* MineSquareCell.swift */ = {isa = PBXFileReference; fileEncoding = 4; lastKnownFileType = sourcecode.swift; path = MineSquareCell.swift; sourceTree = "<group>"; };
		F8DDBE561D11397900F62C19 /* UIColorExtension.swift */ = {isa = PBXFileReference; fileEncoding = 4; lastKnownFileType = sourcecode.swift; path = UIColorExtension.swift; sourceTree = "<group>"; };
		F8DDBE5D1D11589500F62C19 /* MineSquareIconCell.swift */ = {isa = PBXFileReference; fileEncoding = 4; lastKnownFileType = sourcecode.swift; path = MineSquareIconCell.swift; sourceTree = "<group>"; };
		F8DDBE601D123C4E00F62C19 /* PostListViewController.swift */ = {isa = PBXFileReference; fileEncoding = 4; lastKnownFileType = sourcecode.swift; path = PostListViewController.swift; sourceTree = "<group>"; };
		F8DDBE631D123C9100F62C19 /* PostListDataSource.swift */ = {isa = PBXFileReference; fileEncoding = 4; lastKnownFileType = sourcecode.swift; path = PostListDataSource.swift; sourceTree = "<group>"; };
		F8DDBE651D123CC300F62C19 /* PostListProtocal.swift */ = {isa = PBXFileReference; fileEncoding = 4; lastKnownFileType = sourcecode.swift; path = PostListProtocal.swift; sourceTree = "<group>"; };
		F8DDBE691D12463700F62C19 /* Post.swift */ = {isa = PBXFileReference; fileEncoding = 4; lastKnownFileType = sourcecode.swift; path = Post.swift; sourceTree = "<group>"; };
		F8DDBE761D12CC8500F62C19 /* EssencePostListViewController.swift */ = {isa = PBXFileReference; fileEncoding = 4; lastKnownFileType = sourcecode.swift; path = EssencePostListViewController.swift; sourceTree = "<group>"; };
		F8E5BCBF1CD74EFB00D52562 /* BaseProtocol.swift */ = {isa = PBXFileReference; fileEncoding = 4; lastKnownFileType = sourcecode.swift; path = BaseProtocol.swift; sourceTree = "<group>"; };
		F8E5BCC11CD74F0F00D52562 /* BaseDataSource.swift */ = {isa = PBXFileReference; fileEncoding = 4; lastKnownFileType = sourcecode.swift; path = BaseDataSource.swift; sourceTree = "<group>"; };
		F8E5BCC91CD7615100D52562 /* CommonDef.swift */ = {isa = PBXFileReference; fileEncoding = 4; lastKnownFileType = sourcecode.swift; path = CommonDef.swift; sourceTree = "<group>"; };
/* End PBXFileReference section */

/* Begin PBXFrameworksBuildPhase section */
		F8795F311CD487370099CFB6 /* Frameworks */ = {
			isa = PBXFrameworksBuildPhase;
			buildActionMask = 2147483647;
			files = (
				347FD38573B8B66AB55D6B35 /* Pods_SWPost.framework in Frameworks */,
			);
			runOnlyForDeploymentPostprocessing = 0;
		};
/* End PBXFrameworksBuildPhase section */

/* Begin PBXGroup section */
		17D69BBA86ACFB3719840619 /* Pods */ = {
			isa = PBXGroup;
			children = (
				1DE19E9CE3C1A8FF631FE8E2 /* Pods-SWPost.debug.xcconfig */,
				82FD0222696D18E3A84BF7C7 /* Pods-SWPost.release.xcconfig */,
			);
			name = Pods;
			sourceTree = "<group>";
		};
		28DDD5C197DD3D550B591BD4 /* Frameworks */ = {
			isa = PBXGroup;
			children = (
				3DCF147EE7713E83093D5410 /* Pods_SWPost.framework */,
			);
			name = Frameworks;
			sourceTree = "<group>";
		};
		F81E2BF61D06D35900D117D2 /* MineCellItem */ = {
			isa = PBXGroup;
			children = (
				F81E2BF71D06D37A00D117D2 /* MineCellItem.swift */,
			);
			name = MineCellItem;
			sourceTree = "<group>";
		};
		F81E2BF91D06E6D600D117D2 /* LogInCell */ = {
			isa = PBXGroup;
			children = (
				F81E2BFA1D06E70900D117D2 /* MineLoginCell.swift */,
			);
			name = LogInCell;
			sourceTree = "<group>";
		};
		F81E2BFC1D07B59F00D117D2 /* Model */ = {
			isa = PBXGroup;
			children = (
				F81E2BFD1D07B5E200D117D2 /* UserInfo.swift */,
			);
			name = Model;
			sourceTree = "<group>";
		};
		F81E2BFF1D07B61C00D117D2 /* UnitModule */ = {
			isa = PBXGroup;
			children = (
				F838A2791D19224A00C3A4FF /* DBManager */,
				F81E2C001D07B63B00D117D2 /* UserCenter */,
			);
			path = UnitModule;
			sourceTree = "<group>";
		};
		F81E2C001D07B63B00D117D2 /* UserCenter */ = {
			isa = PBXGroup;
			children = (
				F81E2C011D07B71B00D117D2 /* UserCenter.swift */,
			);
			path = UserCenter;
			sourceTree = "<group>";
		};
		F835E28A1D0282390055B84D /* MineCells */ = {
			isa = PBXGroup;
			children = (
				F81E2BF91D06E6D600D117D2 /* LogInCell */,
				F81E2BF61D06D35900D117D2 /* MineCellItem */,
				F835E2B81D02C0540055B84D /* BaseCell */,
				F8A07A6C1CDF4E02004FC031 /* SquareCell */,
			);
			name = MineCells;
			sourceTree = "<group>";
		};
		F835E28B1D02825E0055B84D /* DataSource */ = {
			isa = PBXGroup;
			children = (
				F8A07A6D1CDF5CE7004FC031 /* MineSquareDataSource.swift */,
			);
			name = DataSource;
			sourceTree = "<group>";
		};
		F835E28C1D02829A0055B84D /* Model */ = {
			isa = PBXGroup;
			children = (
				F835E28D1D0283550055B84D /* MineSqureIcon.swift */,
			);
			name = Model;
			sourceTree = "<group>";
		};
		F835E28F1D02856F0055B84D /* Utils */ = {
			isa = PBXGroup;
			children = (
				F835E2901D0286210055B84D /* extension */,
			);
			path = Utils;
			sourceTree = "<group>";
		};
		F835E2901D0286210055B84D /* extension */ = {
			isa = PBXGroup;
			children = (
				F835E2921D0286340055B84D /* UI */,
				F835E2911D02862E0055B84D /* obj */,
			);
			path = extension;
			sourceTree = "<group>";
		};
		F835E2911D02862E0055B84D /* obj */ = {
			isa = PBXGroup;
			children = (
				F8DDBE561D11397900F62C19 /* UIColorExtension.swift */,
				F835E2931D02868B0055B84D /* NSDictionary+object.swift */,
			);
			name = obj;
			sourceTree = "<group>";
		};
		F835E2921D0286340055B84D /* UI */ = {
			isa = PBXGroup;
			children = (
			);
			name = UI;
			sourceTree = "<group>";
		};
		F835E2951D029B530055B84D /* DataSource */ = {
			isa = PBXGroup;
			children = (
				F835E2B61D02BFE50055B84D /* MineDataSource.swift */,
			);
			name = DataSource;
			sourceTree = "<group>";
		};
		F835E2B81D02C0540055B84D /* BaseCell */ = {
			isa = PBXGroup;
			children = (
				F835E2B91D02C0780055B84D /* MineBaseCell.swift */,
			);
			name = BaseCell;
			sourceTree = "<group>";
		};
		F838A24A1D16E22200C3A4FF /* TitleView */ = {
			isa = PBXGroup;
			children = (
				F838A24B1D16E29600C3A4FF /* PostTitleView.swift */,
				F838A24D1D16EDB100C3A4FF /* PostUserInfoTitleView.swift */,
			);
			name = TitleView;
			sourceTree = "<group>";
		};
		F838A2501D180C9100C3A4FF /* Model */ = {
			isa = PBXGroup;
			children = (
				F838A2511D180CBA00C3A4FF /* BaseModel.swift */,
			);
			name = Model;
			sourceTree = "<group>";
		};
		F838A2761D19189700C3A4FF /* Db */ = {
			isa = PBXGroup;
			children = (
				F838A2771D191A9F00C3A4FF /* Model+Db.swift */,
			);
			name = Db;
			sourceTree = "<group>";
		};
		F838A2791D19224A00C3A4FF /* DBManager */ = {
			isa = PBXGroup;
			children = (
				F838A27A1D19225C00C3A4FF /* DBManager.swift */,
				F838A27C1D1926C100C3A4FF /* DBTable.swift */,
			);
			path = DBManager;
			sourceTree = "<group>";
		};
		F8795F2B1CD487370099CFB6 = {
			isa = PBXGroup;
			children = (
				F8795F361CD487370099CFB6 /* SWPost */,
				F8795F351CD487370099CFB6 /* Products */,
				17D69BBA86ACFB3719840619 /* Pods */,
				28DDD5C197DD3D550B591BD4 /* Frameworks */,
			);
			sourceTree = "<group>";
		};
		F8795F351CD487370099CFB6 /* Products */ = {
			isa = PBXGroup;
			children = (
				F8795F341CD487370099CFB6 /* SWPost.app */,
			);
			name = Products;
			sourceTree = "<group>";
		};
		F8795F361CD487370099CFB6 /* SWPost */ = {
			isa = PBXGroup;
			children = (
				F835E28F1D02856F0055B84D /* Utils */,
				F8E5BC951CD74B0100D52562 /* Third */,
				F8795F491CD487EF0099CFB6 /* Class */,
				F8795F371CD487370099CFB6 /* AppDelegate.swift */,
				F8795F391CD487370099CFB6 /* ViewController.swift */,
				F8795F3B1CD487370099CFB6 /* Main.storyboard */,
				F8795F3E1CD487370099CFB6 /* Assets.xcassets */,
				F8795F401CD487370099CFB6 /* LaunchScreen.storyboard */,
				F8795F431CD487370099CFB6 /* Info.plist */,
			);
			path = SWPost;
			sourceTree = "<group>";
		};
		F8795F491CD487EF0099CFB6 /* Class */ = {
			isa = PBXGroup;
			children = (
				F8DDBE751D12CC5A00F62C19 /* EssencePostList */,
				F8DDBE671D123FF700F62C19 /* PostCell */,
				F81E2BFF1D07B61C00D117D2 /* UnitModule */,
				F8E5BCC41CD750B600D52562 /* Global */,
				F8795F4F1CD48DE70099CFB6 /* Base */,
				F8DDBE5F1D1239D800F62C19 /* PostList */,
				F8795F4A1CD4893D0099CFB6 /* Mine */,
			);
			path = Class;
			sourceTree = "<group>";
		};
		F8795F4A1CD4893D0099CFB6 /* Mine */ = {
			isa = PBXGroup;
			children = (
				F81E2BFC1D07B59F00D117D2 /* Model */,
				F835E2951D029B530055B84D /* DataSource */,
				F835E28A1D0282390055B84D /* MineCells */,
				F8795F4D1CD48A5B0099CFB6 /* MineViewController.swift */,
			);
			path = Mine;
			sourceTree = "<group>";
		};
		F8795F4F1CD48DE70099CFB6 /* Base */ = {
			isa = PBXGroup;
			children = (
				F838A2761D19189700C3A4FF /* Db */,
				F838A2501D180C9100C3A4FF /* Model */,
				F8E5BCBE1CD74EDB00D52562 /* Protocol */,
				F8795F501CD48DF70099CFB6 /* BaseViewController.swift */,
			);
			path = Base;
			sourceTree = "<group>";
		};
		F8A07A6C1CDF4E02004FC031 /* SquareCell */ = {
			isa = PBXGroup;
			children = (
				F835E28C1D02829A0055B84D /* Model */,
				F8DDBE471D10EE1700F62C19 /* MineSquareCell */,
				F835E28B1D02825E0055B84D /* DataSource */,
			);
			name = SquareCell;
			sourceTree = "<group>";
		};
		F8DDBE471D10EE1700F62C19 /* MineSquareCell */ = {
			isa = PBXGroup;
			children = (
				F8DDBE481D10F33400F62C19 /* MineSquareCell.swift */,
				F8DDBE5D1D11589500F62C19 /* MineSquareIconCell.swift */,
			);
			name = MineSquareCell;
			sourceTree = "<group>";
		};
		F8DDBE5F1D1239D800F62C19 /* PostList */ = {
			isa = PBXGroup;
			children = (
				F8DDBE681D12462200F62C19 /* Model */,
				F8DDBE621D123C5A00F62C19 /* DataSource */,
				F8DDBE601D123C4E00F62C19 /* PostListViewController.swift */,
			);
			path = PostList;
			sourceTree = "<group>";
		};
		F8DDBE621D123C5A00F62C19 /* DataSource */ = {
			isa = PBXGroup;
			children = (
				F8DDBE651D123CC300F62C19 /* PostListProtocal.swift */,
				F8DDBE631D123C9100F62C19 /* PostListDataSource.swift */,
			);
			name = DataSource;
			sourceTree = "<group>";
		};
		F8DDBE671D123FF700F62C19 /* PostCell */ = {
			isa = PBXGroup;
			children = (
				F838A24A1D16E22200C3A4FF /* TitleView */,
				F838A2481D16DFEE00C3A4FF /* PostCell.swift */,
			);
			path = PostCell;
			sourceTree = "<group>";
		};
		F8DDBE681D12462200F62C19 /* Model */ = {
			isa = PBXGroup;
			children = (
				F8DDBE691D12463700F62C19 /* Post.swift */,
			);
			name = Model;
			sourceTree = "<group>";
		};
		F8DDBE751D12CC5A00F62C19 /* EssencePostList */ = {
			isa = PBXGroup;
			children = (
				F8DDBE761D12CC8500F62C19 /* EssencePostListViewController.swift */,
			);
			path = EssencePostList;
			sourceTree = "<group>";
		};
		F8E5BC951CD74B0100D52562 /* Third */ = {
			isa = PBXGroup;
			children = (
			);
			path = Third;
			sourceTree = "<group>";
		};
		F8E5BCBE1CD74EDB00D52562 /* Protocol */ = {
			isa = PBXGroup;
			children = (
				F8E5BCBF1CD74EFB00D52562 /* BaseProtocol.swift */,
				F8E5BCC11CD74F0F00D52562 /* BaseDataSource.swift */,
			);
			name = Protocol;
			sourceTree = "<group>";
		};
		F8E5BCC41CD750B600D52562 /* Global */ = {
			isa = PBXGroup;
			children = (
				F8E5BCC91CD7615100D52562 /* CommonDef.swift */,
			);
			path = Global;
			sourceTree = "<group>";
		};
/* End PBXGroup section */

/* Begin PBXNativeTarget section */
		F8795F331CD487370099CFB6 /* SWPost */ = {
			isa = PBXNativeTarget;
			buildConfigurationList = F8795F461CD487370099CFB6 /* Build configuration list for PBXNativeTarget "SWPost" */;
			buildPhases = (
				BA29CB54030D66645B324AAC /* [CP] Check Pods Manifest.lock */,
				F8795F301CD487370099CFB6 /* Sources */,
				F8795F311CD487370099CFB6 /* Frameworks */,
				F8795F321CD487370099CFB6 /* Resources */,
				59C33F23BD21F51F1616C704 /* [CP] Embed Pods Frameworks */,
				AEDC81836D9018578A27A9FB /* [CP] Copy Pods Resources */,
			);
			buildRules = (
			);
			dependencies = (
			);
			name = SWPost;
			productName = SWPost;
			productReference = F8795F341CD487370099CFB6 /* SWPost.app */;
			productType = "com.apple.product-type.application";
		};
/* End PBXNativeTarget section */

/* Begin PBXProject section */
		F8795F2C1CD487370099CFB6 /* Project object */ = {
			isa = PBXProject;
			attributes = {
				LastSwiftUpdateCheck = 0730;
				LastUpgradeCheck = 0730;
				ORGANIZATIONNAME = zou;
				TargetAttributes = {
					F8795F331CD487370099CFB6 = {
						CreatedOnToolsVersion = 7.3;
						DevelopmentTeam = UL7V387997;
					};
				};
			};
			buildConfigurationList = F8795F2F1CD487370099CFB6 /* Build configuration list for PBXProject "SWPost" */;
			compatibilityVersion = "Xcode 3.2";
			developmentRegion = English;
			hasScannedForEncodings = 0;
			knownRegions = (
				en,
				Base,
			);
			mainGroup = F8795F2B1CD487370099CFB6;
			productRefGroup = F8795F351CD487370099CFB6 /* Products */;
			projectDirPath = "";
			projectRoot = "";
			targets = (
				F8795F331CD487370099CFB6 /* SWPost */,
			);
		};
/* End PBXProject section */

/* Begin PBXResourcesBuildPhase section */
		F8795F321CD487370099CFB6 /* Resources */ = {
			isa = PBXResourcesBuildPhase;
			buildActionMask = 2147483647;
			files = (
				F8795F421CD487370099CFB6 /* LaunchScreen.storyboard in Resources */,
				F8795F3F1CD487370099CFB6 /* Assets.xcassets in Resources */,
				F8795F3D1CD487370099CFB6 /* Main.storyboard in Resources */,
			);
			runOnlyForDeploymentPostprocessing = 0;
		};
/* End PBXResourcesBuildPhase section */

/* Begin PBXShellScriptBuildPhase section */
		59C33F23BD21F51F1616C704 /* [CP] Embed Pods Frameworks */ = {
			isa = PBXShellScriptBuildPhase;
			buildActionMask = 2147483647;
			files = (
			);
			inputPaths = (
			);
			name = "[CP] Embed Pods Frameworks";
			outputPaths = (
			);
			runOnlyForDeploymentPostprocessing = 0;
			shellPath = /bin/sh;
			shellScript = "\"${SRCROOT}/Pods/Target Support Files/Pods-SWPost/Pods-SWPost-frameworks.sh\"\n";
			showEnvVarsInLog = 0;
		};
		AEDC81836D9018578A27A9FB /* [CP] Copy Pods Resources */ = {
			isa = PBXShellScriptBuildPhase;
			buildActionMask = 2147483647;
			files = (
			);
			inputPaths = (
			);
			name = "[CP] Copy Pods Resources";
			outputPaths = (
			);
			runOnlyForDeploymentPostprocessing = 0;
			shellPath = /bin/sh;
			shellScript = "\"${SRCROOT}/Pods/Target Support Files/Pods-SWPost/Pods-SWPost-resources.sh\"\n";
			showEnvVarsInLog = 0;
		};
		BA29CB54030D66645B324AAC /* [CP] Check Pods Manifest.lock */ = {
			isa = PBXShellScriptBuildPhase;
			buildActionMask = 2147483647;
			files = (
			);
			inputPaths = (
			);
			name = "[CP] Check Pods Manifest.lock";
			outputPaths = (
			);
			runOnlyForDeploymentPostprocessing = 0;
			shellPath = /bin/sh;
			shellScript = "diff \"${PODS_ROOT}/../Podfile.lock\" \"${PODS_ROOT}/Manifest.lock\" > /dev/null\nif [[ $? != 0 ]] ; then\n    cat << EOM\nerror: The sandbox is not in sync with the Podfile.lock. Run 'pod install' or update your CocoaPods installation.\nEOM\n    exit 1\nfi\n";
			showEnvVarsInLog = 0;
		};
/* End PBXShellScriptBuildPhase section */

/* Begin PBXSourcesBuildPhase section */
		F8795F301CD487370099CFB6 /* Sources */ = {
			isa = PBXSourcesBuildPhase;
			buildActionMask = 2147483647;
			files = (
				F838A2781D191A9F00C3A4FF /* Model+Db.swift in Sources */,
				F8E5BCC21CD74F0F00D52562 /* BaseDataSource.swift in Sources */,
				F835E2B71D02BFE50055B84D /* MineDataSource.swift in Sources */,
				F838A2521D180CBA00C3A4FF /* BaseModel.swift in Sources */,
				F8DDBE491D10F33400F62C19 /* MineSquareCell.swift in Sources */,
				F81E2BF81D06D37A00D117D2 /* MineCellItem.swift in Sources */,
				F81E2BFB1D06E70900D117D2 /* MineLoginCell.swift in Sources */,
				F8795F3A1CD487370099CFB6 /* ViewController.swift in Sources */,
				F8DDBE571D11397900F62C19 /* UIColorExtension.swift in Sources */,
				F8795F511CD48DF70099CFB6 /* BaseViewController.swift in Sources */,
				F8A07A6E1CDF5CE7004FC031 /* MineSquareDataSource.swift in Sources */,
				F838A2491D16DFEE00C3A4FF /* PostCell.swift in Sources */,
				F8E5BCC01CD74EFB00D52562 /* BaseProtocol.swift in Sources */,
				F835E2941D02868B0055B84D /* NSDictionary+object.swift in Sources */,
				F838A24E1D16EDB100C3A4FF /* PostUserInfoTitleView.swift in Sources */,
				F8DDBE6A1D12463700F62C19 /* Post.swift in Sources */,
				F81E2C021D07B71B00D117D2 /* UserCenter.swift in Sources */,
				F8DDBE5E1D11589500F62C19 /* MineSquareIconCell.swift in Sources */,
				F838A27D1D1926C100C3A4FF /* DBTable.swift in Sources */,
				F8DDBE771D12CC8500F62C19 /* EssencePostListViewController.swift in Sources */,
				F835E28E1D0283550055B84D /* MineSqureIcon.swift in Sources */,
				F838A24C1D16E29600C3A4FF /* PostTitleView.swift in Sources */,
				F8795F381CD487370099CFB6 /* AppDelegate.swift in Sources */,
				F8E5BCCA1CD7615100D52562 /* CommonDef.swift in Sources */,
				F835E2BA1D02C0780055B84D /* MineBaseCell.swift in Sources */,
				F8DDBE611D123C4E00F62C19 /* PostListViewController.swift in Sources */,
				F838A27B1D19225C00C3A4FF /* DBManager.swift in Sources */,
				F8DDBE661D123CC300F62C19 /* PostListProtocal.swift in Sources */,
				F8DDBE641D123C9100F62C19 /* PostListDataSource.swift in Sources */,
				F81E2BFE1D07B5E200D117D2 /* UserInfo.swift in Sources */,
				F8795F4E1CD48A5B0099CFB6 /* MineViewController.swift in Sources */,
			);
			runOnlyForDeploymentPostprocessing = 0;
		};
/* End PBXSourcesBuildPhase section */

/* Begin PBXVariantGroup section */
		F8795F3B1CD487370099CFB6 /* Main.storyboard */ = {
			isa = PBXVariantGroup;
			children = (
				F8795F3C1CD487370099CFB6 /* Base */,
			);
			name = Main.storyboard;
			sourceTree = "<group>";
		};
		F8795F401CD487370099CFB6 /* LaunchScreen.storyboard */ = {
			isa = PBXVariantGroup;
			children = (
				F8795F411CD487370099CFB6 /* Base */,
			);
			name = LaunchScreen.storyboard;
			sourceTree = "<group>";
		};
/* End PBXVariantGroup section */

/* Begin XCBuildConfiguration section */
		F8795F441CD487370099CFB6 /* Debug */ = {
			isa = XCBuildConfiguration;
			buildSettings = {
				ALWAYS_SEARCH_USER_PATHS = NO;
				CLANG_ANALYZER_NONNULL = YES;
				CLANG_CXX_LANGUAGE_STANDARD = "gnu++0x";
				CLANG_CXX_LIBRARY = "libc++";
				CLANG_ENABLE_MODULES = YES;
				CLANG_ENABLE_OBJC_ARC = YES;
				CLANG_WARN_BOOL_CONVERSION = YES;
				CLANG_WARN_CONSTANT_CONVERSION = YES;
				CLANG_WARN_DIRECT_OBJC_ISA_USAGE = YES_ERROR;
				CLANG_WARN_EMPTY_BODY = YES;
				CLANG_WARN_ENUM_CONVERSION = YES;
				CLANG_WARN_INT_CONVERSION = YES;
				CLANG_WARN_OBJC_ROOT_CLASS = YES_ERROR;
				CLANG_WARN_UNREACHABLE_CODE = YES;
				CLANG_WARN__DUPLICATE_METHOD_MATCH = YES;
				"CODE_SIGN_IDENTITY[sdk=iphoneos*]" = "iPhone Developer";
				COPY_PHASE_STRIP = NO;
				DEBUG_INFORMATION_FORMAT = dwarf;
				ENABLE_STRICT_OBJC_MSGSEND = YES;
				ENABLE_TESTABILITY = YES;
				GCC_C_LANGUAGE_STANDARD = gnu99;
				GCC_DYNAMIC_NO_PIC = NO;
				GCC_NO_COMMON_BLOCKS = YES;
				GCC_OPTIMIZATION_LEVEL = 0;
				GCC_PREPROCESSOR_DEFINITIONS = (
					"DEBUG=1",
					"$(inherited)",
				);
				GCC_WARN_64_TO_32_BIT_CONVERSION = YES;
				GCC_WARN_ABOUT_RETURN_TYPE = YES_ERROR;
				GCC_WARN_UNDECLARED_SELECTOR = YES;
				GCC_WARN_UNINITIALIZED_AUTOS = YES_AGGRESSIVE;
				GCC_WARN_UNUSED_FUNCTION = YES;
				GCC_WARN_UNUSED_VARIABLE = YES;
				IPHONEOS_DEPLOYMENT_TARGET = 9.3;
				MTL_ENABLE_DEBUG_INFO = YES;
				ONLY_ACTIVE_ARCH = YES;
				SDKROOT = iphoneos;
				SWIFT_OPTIMIZATION_LEVEL = "-Onone";
				TARGETED_DEVICE_FAMILY = "1,2";
			};
			name = Debug;
		};
		F8795F451CD487370099CFB6 /* Release */ = {
			isa = XCBuildConfiguration;
			buildSettings = {
				ALWAYS_SEARCH_USER_PATHS = NO;
				CLANG_ANALYZER_NONNULL = YES;
				CLANG_CXX_LANGUAGE_STANDARD = "gnu++0x";
				CLANG_CXX_LIBRARY = "libc++";
				CLANG_ENABLE_MODULES = YES;
				CLANG_ENABLE_OBJC_ARC = YES;
				CLANG_WARN_BOOL_CONVERSION = YES;
				CLANG_WARN_CONSTANT_CONVERSION = YES;
				CLANG_WARN_DIRECT_OBJC_ISA_USAGE = YES_ERROR;
				CLANG_WARN_EMPTY_BODY = YES;
				CLANG_WARN_ENUM_CONVERSION = YES;
				CLANG_WARN_INT_CONVERSION = YES;
				CLANG_WARN_OBJC_ROOT_CLASS = YES_ERROR;
				CLANG_WARN_UNREACHABLE_CODE = YES;
				CLANG_WARN__DUPLICATE_METHOD_MATCH = YES;
				"CODE_SIGN_IDENTITY[sdk=iphoneos*]" = "iPhone Developer";
				COPY_PHASE_STRIP = NO;
				DEBUG_INFORMATION_FORMAT = "dwarf-with-dsym";
				ENABLE_NS_ASSERTIONS = NO;
				ENABLE_STRICT_OBJC_MSGSEND = YES;
				GCC_C_LANGUAGE_STANDARD = gnu99;
				GCC_NO_COMMON_BLOCKS = YES;
				GCC_WARN_64_TO_32_BIT_CONVERSION = YES;
				GCC_WARN_ABOUT_RETURN_TYPE = YES_ERROR;
				GCC_WARN_UNDECLARED_SELECTOR = YES;
				GCC_WARN_UNINITIALIZED_AUTOS = YES_AGGRESSIVE;
				GCC_WARN_UNUSED_FUNCTION = YES;
				GCC_WARN_UNUSED_VARIABLE = YES;
				IPHONEOS_DEPLOYMENT_TARGET = 9.3;
				MTL_ENABLE_DEBUG_INFO = NO;
				SDKROOT = iphoneos;
				TARGETED_DEVICE_FAMILY = "1,2";
				VALIDATE_PRODUCT = YES;
			};
			name = Release;
		};
		F8795F471CD487370099CFB6 /* Debug */ = {
			isa = XCBuildConfiguration;
			baseConfigurationReference = 1DE19E9CE3C1A8FF631FE8E2 /* Pods-SWPost.debug.xcconfig */;
			buildSettings = {
				ASSETCATALOG_COMPILER_APPICON_NAME = AppIcon;
				ASSETCATALOG_COMPILER_LAUNCHIMAGE_NAME = LaunchImage;
				CODE_SIGN_IDENTITY = "iPhone Developer: Junhui Shao (5P4EK4DL9R)";
				"CODE_SIGN_IDENTITY[sdk=iphoneos*]" = "iPhone Developer: Junhui Shao (5P4EK4DL9R)";
				INFOPLIST_FILE = SWPost/Info.plist;
				IPHONEOS_DEPLOYMENT_TARGET = 8.0;
				LD_RUNPATH_SEARCH_PATHS = "$(inherited) @executable_path/Frameworks";
				PRODUCT_BUNDLE_IDENTIFIER = com.kufaxian.wanwanmeixiangdao;
				PRODUCT_NAME = "$(TARGET_NAME)";
				PROVISIONING_PROFILE = "12d21a52-42af-4269-b964-29c8ad2364ae";
				TARGETED_DEVICE_FAMILY = 1;
			};
			name = Debug;
		};
		F8795F481CD487370099CFB6 /* Release */ = {
			isa = XCBuildConfiguration;
			baseConfigurationReference = 82FD0222696D18E3A84BF7C7 /* Pods-SWPost.release.xcconfig */;
			buildSettings = {
				ASSETCATALOG_COMPILER_APPICON_NAME = AppIcon;
				ASSETCATALOG_COMPILER_LAUNCHIMAGE_NAME = LaunchImage;
				CODE_SIGN_IDENTITY = "iPhone Developer: Junhui Shao (5P4EK4DL9R)";
				"CODE_SIGN_IDENTITY[sdk=iphoneos*]" = "iPhone Developer: Junhui Shao (5P4EK4DL9R)";
				INFOPLIST_FILE = SWPost/Info.plist;
				IPHONEOS_DEPLOYMENT_TARGET = 8.0;
				LD_RUNPATH_SEARCH_PATHS = "$(inherited) @executable_path/Frameworks";
				PRODUCT_BUNDLE_IDENTIFIER = com.kufaxian.wanwanmeixiangdao;
				PRODUCT_NAME = "$(TARGET_NAME)";
				PROVISIONING_PROFILE = "12d21a52-42af-4269-b964-29c8ad2364ae";
				TARGETED_DEVICE_FAMILY = 1;
			};
			name = Release;
		};
/* End XCBuildConfiguration section */

/* Begin XCConfigurationList section */
		F8795F2F1CD487370099CFB6 /* Build configuration list for PBXProject "SWPost" */ = {
			isa = XCConfigurationList;
			buildConfigurations = (
				F8795F441CD487370099CFB6 /* Debug */,
				F8795F451CD487370099CFB6 /* Release */,
			);
			defaultConfigurationIsVisible = 0;
			defaultConfigurationName = Release;
		};
		F8795F461CD487370099CFB6 /* Build configuration list for PBXNativeTarget "SWPost" */ = {
			isa = XCConfigurationList;
			buildConfigurations = (
				F8795F471CD487370099CFB6 /* Debug */,
				F8795F481CD487370099CFB6 /* Release */,
			);
			defaultConfigurationIsVisible = 0;
			defaultConfigurationName = Release;
		};
/* End XCConfigurationList section */
	};
	rootObject = F8795F2C1CD487370099CFB6 /* Project object */;
}
